// !$*UTF8*$!
{
	archiveVersion = 1;
	classes = {
	};
	objectVersion = 50;
	objects = {

/* Begin PBXBuildFile section */
		697236F021FBBC1C007DEF55 /* AppDelegate.swift in Sources */ = {isa = PBXBuildFile; fileRef = 697236EF21FBBC1C007DEF55 /* AppDelegate.swift */; };
		697236F221FBBC1C007DEF55 /* ViewController.swift in Sources */ = {isa = PBXBuildFile; fileRef = 697236F121FBBC1C007DEF55 /* ViewController.swift */; };
		697236F521FBBC1C007DEF55 /* Main.storyboard in Resources */ = {isa = PBXBuildFile; fileRef = 697236F321FBBC1C007DEF55 /* Main.storyboard */; };
		697236F721FBBC20007DEF55 /* Assets.xcassets in Resources */ = {isa = PBXBuildFile; fileRef = 697236F621FBBC20007DEF55 /* Assets.xcassets */; };
		697236FA21FBBC20007DEF55 /* LaunchScreen.storyboard in Resources */ = {isa = PBXBuildFile; fileRef = 697236F821FBBC20007DEF55 /* LaunchScreen.storyboard */; };
		6972370521FBBC20007DEF55 /* SelfSwcureTests.swift in Sources */ = {isa = PBXBuildFile; fileRef = 6972370421FBBC20007DEF55 /* SelfSwcureTests.swift */; };
		6972371021FBBC20007DEF55 /* SelfSwcureUITests.swift in Sources */ = {isa = PBXBuildFile; fileRef = 6972370F21FBBC20007DEF55 /* SelfSwcureUITests.swift */; };
/* End PBXBuildFile section */

/* Begin PBXContainerItemProxy section */
		6972370121FBBC20007DEF55 /* PBXContainerItemProxy */ = {
			isa = PBXContainerItemProxy;
			containerPortal = 697236E421FBBC1C007DEF55 /* Project object */;
			proxyType = 1;
			remoteGlobalIDString = 697236EB21FBBC1C007DEF55;
			remoteInfo = SelfSwcure;
		};
		6972370C21FBBC20007DEF55 /* PBXContainerItemProxy */ = {
			isa = PBXContainerItemProxy;
			containerPortal = 697236E421FBBC1C007DEF55 /* Project object */;
			proxyType = 1;
			remoteGlobalIDString = 697236EB21FBBC1C007DEF55;
			remoteInfo = SelfSwcure;
		};
/* End PBXContainerItemProxy section */

/* Begin PBXFileReference section */
		697236EC21FBBC1C007DEF55 /* SelfSwcure.app */ = {isa = PBXFileReference; explicitFileType = wrapper.application; includeInIndex = 0; path = SelfSwcure.app; sourceTree = BUILT_PRODUCTS_DIR; };
		697236EF21FBBC1C007DEF55 /* AppDelegate.swift */ = {isa = PBXFileReference; lastKnownFileType = sourcecode.swift; path = AppDelegate.swift; sourceTree = "<group>"; };
		697236F121FBBC1C007DEF55 /* ViewController.swift */ = {isa = PBXFileReference; lastKnownFileType = sourcecode.swift; path = ViewController.swift; sourceTree = "<group>"; };
		697236F421FBBC1C007DEF55 /* Base */ = {isa = PBXFileReference; lastKnownFileType = file.storyboard; name = Base; path = Base.lproj/Main.storyboard; sourceTree = "<group>"; };
		697236F621FBBC20007DEF55 /* Assets.xcassets */ = {isa = PBXFileReference; lastKnownFileType = folder.assetcatalog; path = Assets.xcassets; sourceTree = "<group>"; };
		697236F921FBBC20007DEF55 /* Base */ = {isa = PBXFileReference; lastKnownFileType = file.storyboard; name = Base; path = Base.lproj/LaunchScreen.storyboard; sourceTree = "<group>"; };
		697236FB21FBBC20007DEF55 /* Info.plist */ = {isa = PBXFileReference; lastKnownFileType = text.plist.xml; path = Info.plist; sourceTree = "<group>"; };
		6972370021FBBC20007DEF55 /* SelfSwcureTests.xctest */ = {isa = PBXFileReference; explicitFileType = wrapper.cfbundle; includeInIndex = 0; path = SelfSwcureTests.xctest; sourceTree = BUILT_PRODUCTS_DIR; };
		6972370421FBBC20007DEF55 /* SelfSwcureTests.swift */ = {isa = PBXFileReference; lastKnownFileType = sourcecode.swift; path = SelfSwcureTests.swift; sourceTree = "<group>"; };
		6972370621FBBC20007DEF55 /* Info.plist */ = {isa = PBXFileReference; lastKnownFileType = text.plist.xml; path = Info.plist; sourceTree = "<group>"; };
		6972370B21FBBC20007DEF55 /* SelfSwcureUITests.xctest */ = {isa = PBXFileReference; explicitFileType = wrapper.cfbundle; includeInIndex = 0; path = SelfSwcureUITests.xctest; sourceTree = BUILT_PRODUCTS_DIR; };
		6972370F21FBBC20007DEF55 /* SelfSwcureUITests.swift */ = {isa = PBXFileReference; lastKnownFileType = sourcecode.swift; path = SelfSwcureUITests.swift; sourceTree = "<group>"; };
		6972371121FBBC20007DEF55 /* Info.plist */ = {isa = PBXFileReference; lastKnownFileType = text.plist.xml; path = Info.plist; sourceTree = "<group>"; };
/* End PBXFileReference section */

/* Begin PBXFrameworksBuildPhase section */
		697236E921FBBC1C007DEF55 /* Frameworks */ = {
			isa = PBXFrameworksBuildPhase;
			buildActionMask = 2147483647;
			files = (
			);
			runOnlyForDeploymentPostprocessing = 0;
		};
		697236FD21FBBC20007DEF55 /* Frameworks */ = {
			isa = PBXFrameworksBuildPhase;
			buildActionMask = 2147483647;
			files = (
			);
			runOnlyForDeploymentPostprocessing = 0;
		};
		6972370821FBBC20007DEF55 /* Frameworks */ = {
			isa = PBXFrameworksBuildPhase;
			buildActionMask = 2147483647;
			files = (
			);
			runOnlyForDeploymentPostprocessing = 0;
		};
/* End PBXFrameworksBuildPhase section */

/* Begin PBXGroup section */
		697236E321FBBC1C007DEF55 = {
			isa = PBXGroup;
			children = (
				697236EE21FBBC1C007DEF55 /* SelfSwcure */,
				6972370321FBBC20007DEF55 /* SelfSwcureTests */,
				6972370E21FBBC20007DEF55 /* SelfSwcureUITests */,
				697236ED21FBBC1C007DEF55 /* Products */,
			);
			sourceTree = "<group>";
		};
		697236ED21FBBC1C007DEF55 /* Products */ = {
			isa = PBXGroup;
			children = (
				697236EC21FBBC1C007DEF55 /* SelfSwcure.app */,
				6972370021FBBC20007DEF55 /* SelfSwcureTests.xctest */,
				6972370B21FBBC20007DEF55 /* SelfSwcureUITests.xctest */,
			);
			name = Products;
			sourceTree = "<group>";
		};
		697236EE21FBBC1C007DEF55 /* SelfSwcure */ = {
			isa = PBXGroup;
			children = (
				697236EF21FBBC1C007DEF55 /* AppDelegate.swift */,
				697236F121FBBC1C007DEF55 /* ViewController.swift */,
				697236F321FBBC1C007DEF55 /* Main.storyboard */,
				697236F621FBBC20007DEF55 /* Assets.xcassets */,
				697236F821FBBC20007DEF55 /* LaunchScreen.storyboard */,
				697236FB21FBBC20007DEF55 /* Info.plist */,
			);
			path = SelfSwcure;
			sourceTree = "<group>";
		};
		6972370321FBBC20007DEF55 /* SelfSwcureTests */ = {
			isa = PBXGroup;
			children = (
				6972370421FBBC20007DEF55 /* SelfSwcureTests.swift */,
				6972370621FBBC20007DEF55 /* Info.plist */,
			);
			path = SelfSwcureTests;
			sourceTree = "<group>";
		};
		6972370E21FBBC20007DEF55 /* SelfSwcureUITests */ = {
			isa = PBXGroup;
			children = (
				6972370F21FBBC20007DEF55 /* SelfSwcureUITests.swift */,
				6972371121FBBC20007DEF55 /* Info.plist */,
			);
			path = SelfSwcureUITests;
			sourceTree = "<group>";
		};
/* End PBXGroup section */

/* Begin PBXNativeTarget section */
		697236EB21FBBC1C007DEF55 /* SelfSwcure */ = {
			isa = PBXNativeTarget;
			buildConfigurationList = 6972371421FBBC20007DEF55 /* Build configuration list for PBXNativeTarget "SelfSwcure" */;
			buildPhases = (
				697236E821FBBC1C007DEF55 /* Sources */,
				697236E921FBBC1C007DEF55 /* Frameworks */,
				697236EA21FBBC1C007DEF55 /* Resources */,
			);
			buildRules = (
			);
			dependencies = (
			);
			name = SelfSwcure;
			productName = SelfSwcure;
			productReference = 697236EC21FBBC1C007DEF55 /* SelfSwcure.app */;
			productType = "com.apple.product-type.application";
		};
		697236FF21FBBC20007DEF55 /* SelfSwcureTests */ = {
			isa = PBXNativeTarget;
			buildConfigurationList = 6972371721FBBC20007DEF55 /* Build configuration list for PBXNativeTarget "SelfSwcureTests" */;
			buildPhases = (
				697236FC21FBBC20007DEF55 /* Sources */,
				697236FD21FBBC20007DEF55 /* Frameworks */,
				697236FE21FBBC20007DEF55 /* Resources */,
			);
			buildRules = (
			);
			dependencies = (
				6972370221FBBC20007DEF55 /* PBXTargetDependency */,
			);
			name = SelfSwcureTests;
			productName = SelfSwcureTests;
			productReference = 6972370021FBBC20007DEF55 /* SelfSwcureTests.xctest */;
			productType = "com.apple.product-type.bundle.unit-test";
		};
		6972370A21FBBC20007DEF55 /* SelfSwcureUITests */ = {
			isa = PBXNativeTarget;
			buildConfigurationList = 6972371A21FBBC20007DEF55 /* Build configuration list for PBXNativeTarget "SelfSwcureUITests" */;
			buildPhases = (
				6972370721FBBC20007DEF55 /* Sources */,
				6972370821FBBC20007DEF55 /* Frameworks */,
				6972370921FBBC20007DEF55 /* Resources */,
			);
			buildRules = (
			);
			dependencies = (
				6972370D21FBBC20007DEF55 /* PBXTargetDependency */,
			);
			name = SelfSwcureUITests;
			productName = SelfSwcureUITests;
			productReference = 6972370B21FBBC20007DEF55 /* SelfSwcureUITests.xctest */;
			productType = "com.apple.product-type.bundle.ui-testing";
		};
/* End PBXNativeTarget section */

/* Begin PBXProject section */
		697236E421FBBC1C007DEF55 /* Project object */ = {
			isa = PBXProject;
			attributes = {
				LastSwiftUpdateCheck = 1010;
				LastUpgradeCheck = 1010;
				ORGANIZATIONNAME = "Faical Sawadogo1212";
				TargetAttributes = {
					697236EB21FBBC1C007DEF55 = {
						CreatedOnToolsVersion = 10.1;
					};
					697236FF21FBBC20007DEF55 = {
						CreatedOnToolsVersion = 10.1;
						TestTargetID = 697236EB21FBBC1C007DEF55;
					};
					6972370A21FBBC20007DEF55 = {
						CreatedOnToolsVersion = 10.1;
						TestTargetID = 697236EB21FBBC1C007DEF55;
					};
				};
			};
			buildConfigurationList = 697236E721FBBC1C007DEF55 /* Build configuration list for PBXProject "SelfSwcure" */;
			compatibilityVersion = "Xcode 9.3";
			developmentRegion = en;
			hasScannedForEncodings = 0;
			knownRegions = (
				en,
				Base,
			);
			mainGroup = 697236E321FBBC1C007DEF55;
			productRefGroup = 697236ED21FBBC1C007DEF55 /* Products */;
			projectDirPath = "";
			projectRoot = "";
			targets = (
				697236EB21FBBC1C007DEF55 /* SelfSwcure */,
				697236FF21FBBC20007DEF55 /* SelfSwcureTests */,
				6972370A21FBBC20007DEF55 /* SelfSwcureUITests */,
			);
		};
/* End PBXProject section */

/* Begin PBXResourcesBuildPhase section */
		697236EA21FBBC1C007DEF55 /* Resources */ = {
			isa = PBXResourcesBuildPhase;
			buildActionMask = 2147483647;
			files = (
				697236FA21FBBC20007DEF55 /* LaunchScreen.storyboard in Resources */,
				697236F721FBBC20007DEF55 /* Assets.xcassets in Resources */,
				697236F521FBBC1C007DEF55 /* Main.storyboard in Resources */,
			);
			runOnlyForDeploymentPostprocessing = 0;
		};
		697236FE21FBBC20007DEF55 /* Resources */ = {
			isa = PBXResourcesBuildPhase;
			buildActionMask = 2147483647;
			files = (
			);
			runOnlyForDeploymentPostprocessing = 0;
		};
		6972370921FBBC20007DEF55 /* Resources */ = {
			isa = PBXResourcesBuildPhase;
			buildActionMask = 2147483647;
			files = (
			);
			runOnlyForDeploymentPostprocessing = 0;
		};
/* End PBXResourcesBuildPhase section */

/* Begin PBXSourcesBuildPhase section */
		697236E821FBBC1C007DEF55 /* Sources */ = {
			isa = PBXSourcesBuildPhase;
			buildActionMask = 2147483647;
			files = (
				697236F221FBBC1C007DEF55 /* ViewController.swift in Sources */,
				697236F021FBBC1C007DEF55 /* AppDelegate.swift in Sources */,
			);
			runOnlyForDeploymentPostprocessing = 0;
		};
		697236FC21FBBC20007DEF55 /* Sources */ = {
			isa = PBXSourcesBuildPhase;
			buildActionMask = 2147483647;
			files = (
				6972370521FBBC20007DEF55 /* SelfSwcureTests.swift in Sources */,
			);
			runOnlyForDeploymentPostprocessing = 0;
		};
		6972370721FBBC20007DEF55 /* Sources */ = {
			isa = PBXSourcesBuildPhase;
			buildActionMask = 2147483647;
			files = (
				6972371021FBBC20007DEF55 /* SelfSwcureUITests.swift in Sources */,
			);
			runOnlyForDeploymentPostprocessing = 0;
		};
/* End PBXSourcesBuildPhase section */

/* Begin PBXTargetDependency section */
		6972370221FBBC20007DEF55 /* PBXTargetDependency */ = {
			isa = PBXTargetDependency;
			target = 697236EB21FBBC1C007DEF55 /* SelfSwcure */;
			targetProxy = 6972370121FBBC20007DEF55 /* PBXContainerItemProxy */;
		};
		6972370D21FBBC20007DEF55 /* PBXTargetDependency */ = {
			isa = PBXTargetDependency;
			target = 697236EB21FBBC1C007DEF55 /* SelfSwcure */;
			targetProxy = 6972370C21FBBC20007DEF55 /* PBXContainerItemProxy */;
		};
/* End PBXTargetDependency section */

/* Begin PBXVariantGroup section */
		697236F321FBBC1C007DEF55 /* Main.storyboard */ = {
			isa = PBXVariantGroup;
			children = (
				697236F421FBBC1C007DEF55 /* Base */,
			);
			name = Main.storyboard;
			sourceTree = "<group>";
		};
		697236F821FBBC20007DEF55 /* LaunchScreen.storyboard */ = {
			isa = PBXVariantGroup;
			children = (
				697236F921FBBC20007DEF55 /* Base */,
			);
			name = LaunchScreen.storyboard;
			sourceTree = "<group>";
		};
/* End PBXVariantGroup section */

/* Begin XCBuildConfiguration section */
		6972371221FBBC20007DEF55 /* Debug */ = {
			isa = XCBuildConfiguration;
			buildSettings = {
				ALWAYS_SEARCH_USER_PATHS = NO;
				CLANG_ANALYZER_NONNULL = YES;
				CLANG_ANALYZER_NUMBER_OBJECT_CONVERSION = YES_AGGRESSIVE;
				CLANG_CXX_LANGUAGE_STANDARD = "gnu++14";
				CLANG_CXX_LIBRARY = "libc++";
				CLANG_ENABLE_MODULES = YES;
				CLANG_ENABLE_OBJC_ARC = YES;
				CLANG_ENABLE_OBJC_WEAK = YES;
				CLANG_WARN_BLOCK_CAPTURE_AUTORELEASING = YES;
				CLANG_WARN_BOOL_CONVERSION = YES;
				CLANG_WARN_COMMA = YES;
				CLANG_WARN_CONSTANT_CONVERSION = YES;
				CLANG_WARN_DEPRECATED_OBJC_IMPLEMENTATIONS = YES;
				CLANG_WARN_DIRECT_OBJC_ISA_USAGE = YES_ERROR;
				CLANG_WARN_DOCUMENTATION_COMMENTS = YES;
				CLANG_WARN_EMPTY_BODY = YES;
				CLANG_WARN_ENUM_CONVERSION = YES;
				CLANG_WARN_INFINITE_RECURSION = YES;
				CLANG_WARN_INT_CONVERSION = YES;
				CLANG_WARN_NON_LITERAL_NULL_CONVERSION = YES;
				CLANG_WARN_OBJC_IMPLICIT_RETAIN_SELF = YES;
				CLANG_WARN_OBJC_LITERAL_CONVERSION = YES;
				CLANG_WARN_OBJC_ROOT_CLASS = YES_ERROR;
				CLANG_WARN_RANGE_LOOP_ANALYSIS = YES;
				CLANG_WARN_STRICT_PROTOTYPES = YES;
				CLANG_WARN_SUSPICIOUS_MOVE = YES;
				CLANG_WARN_UNGUARDED_AVAILABILITY = YES_AGGRESSIVE;
				CLANG_WARN_UNREACHABLE_CODE = YES;
				CLANG_WARN__DUPLICATE_METHOD_MATCH = YES;
				CODE_SIGN_IDENTITY = "iPhone Developer";
				COPY_PHASE_STRIP = NO;
				DEBUG_INFORMATION_FORMAT = dwarf;
				ENABLE_STRICT_OBJC_MSGSEND = YES;
				ENABLE_TESTABILITY = YES;
				GCC_C_LANGUAGE_STANDARD = gnu11;
				GCC_DYNAMIC_NO_PIC = NO;
				GCC_NO_COMMON_BLOCKS = YES;
				GCC_OPTIMIZATION_LEVEL = 0;
				GCC_PREPROCESSOR_DEFINITIONS = (
					"DEBUG=1",
					"$(inherited)",
				);
				GCC_WARN_64_TO_32_BIT_CONVERSION = YES;
				GCC_WARN_ABOUT_RETURN_TYPE = YES_ERROR;
				GCC_WARN_UNDECLARED_SELECTOR = YES;
				GCC_WARN_UNINITIALIZED_AUTOS = YES_AGGRESSIVE;
				GCC_WARN_UNUSED_FUNCTION = YES;
				GCC_WARN_UNUSED_VARIABLE = YES;
				IPHONEOS_DEPLOYMENT_TARGET = 12.1;
				MTL_ENABLE_DEBUG_INFO = INCLUDE_SOURCE;
				MTL_FAST_MATH = YES;
				ONLY_ACTIVE_ARCH = YES;
				SDKROOT = iphoneos;
				SWIFT_ACTIVE_COMPILATION_CONDITIONS = DEBUG;
				SWIFT_OPTIMIZATION_LEVEL = "-Onone";
			};
			name = Debug;
		};
		6972371321FBBC20007DEF55 /* Release */ = {
			isa = XCBuildConfiguration;
			buildSettings = {
				ALWAYS_SEARCH_USER_PATHS = NO;
				CLANG_ANALYZER_NONNULL = YES;
				CLANG_ANALYZER_NUMBER_OBJECT_CONVERSION = YES_AGGRESSIVE;
				CLANG_CXX_LANGUAGE_STANDARD = "gnu++14";
				CLANG_CXX_LIBRARY = "libc++";
				CLANG_ENABLE_MODULES = YES;
				CLANG_ENABLE_OBJC_ARC = YES;
				CLANG_ENABLE_OBJC_WEAK = YES;
				CLANG_WARN_BLOCK_CAPTURE_AUTORELEASING = YES;
				CLANG_WARN_BOOL_CONVERSION = YES;
				CLANG_WARN_COMMA = YES;
				CLANG_WARN_CONSTANT_CONVERSION = YES;
				CLANG_WARN_DEPRECATED_OBJC_IMPLEMENTATIONS = YES;
				CLANG_WARN_DIRECT_OBJC_ISA_USAGE = YES_ERROR;
				CLANG_WARN_DOCUMENTATION_COMMENTS = YES;
				CLANG_WARN_EMPTY_BODY = YES;
				CLANG_WARN_ENUM_CONVERSION = YES;
				CLANG_WARN_INFINITE_RECURSION = YES;
				CLANG_WARN_INT_CONVERSION = YES;
				CLANG_WARN_NON_LITERAL_NULL_CONVERSION = YES;
				CLANG_WARN_OBJC_IMPLICIT_RETAIN_SELF = YES;
				CLANG_WARN_OBJC_LITERAL_CONVERSION = YES;
				CLANG_WARN_OBJC_ROOT_CLASS = YES_ERROR;
				CLANG_WARN_RANGE_LOOP_ANALYSIS = YES;
				CLANG_WARN_STRICT_PROTOTYPES = YES;
				CLANG_WARN_SUSPICIOUS_MOVE = YES;
				CLANG_WARN_UNGUARDED_AVAILABILITY = YES_AGGRESSIVE;
				CLANG_WARN_UNREACHABLE_CODE = YES;
				CLANG_WARN__DUPLICATE_METHOD_MATCH = YES;
				CODE_SIGN_IDENTITY = "iPhone Developer";
				COPY_PHASE_STRIP = NO;
				DEBUG_INFORMATION_FORMAT = "dwarf-with-dsym";
				ENABLE_NS_ASSERTIONS = NO;
				ENABLE_STRICT_OBJC_MSGSEND = YES;
				GCC_C_LANGUAGE_STANDARD = gnu11;
				GCC_NO_COMMON_BLOCKS = YES;
				GCC_WARN_64_TO_32_BIT_CONVERSION = YES;
				GCC_WARN_ABOUT_RETURN_TYPE = YES_ERROR;
				GCC_WARN_UNDECLARED_SELECTOR = YES;
				GCC_WARN_UNINITIALIZED_AUTOS = YES_AGGRESSIVE;
				GCC_WARN_UNUSED_FUNCTION = YES;
				GCC_WARN_UNUSED_VARIABLE = YES;
				IPHONEOS_DEPLOYMENT_TARGET = 12.1;
				MTL_ENABLE_DEBUG_INFO = NO;
				MTL_FAST_MATH = YES;
				SDKROOT = iphoneos;
				SWIFT_COMPILATION_MODE = wholemodule;
				SWIFT_OPTIMIZATION_LEVEL = "-O";
				VALIDATE_PRODUCT = YES;
			};
			name = Release;
		};
		6972371521FBBC20007DEF55 /* Debug */ = {
			isa = XCBuildConfiguration;
			buildSettings = {
				ASSETCATALOG_COMPILER_APPICON_NAME = AppIcon;
				CODE_SIGN_STYLE = Automatic;
				INFOPLIST_FILE = SelfSwcure/Info.plist;
				LD_RUNPATH_SEARCH_PATHS = (
					"$(inherited)",
					"@executable_path/Frameworks",
				);
				PRODUCT_BUNDLE_IDENTIFIER = edu.cuny.bmcc.SelfSwcure;
				PRODUCT_NAME = "$(TARGET_NAME)";
				SWIFT_VERSION = 4.2;
				TARGETED_DEVICE_FAMILY = "1,2";
			};
			name = Debug;
		};
		6972371621FBBC20007DEF55 /* Release */ = {
			isa = XCBuildConfiguration;
			buildSettings = {
				ASSETCATALOG_COMPILER_APPICON_NAME = AppIcon;
				CODE_SIGN_STYLE = Automatic;
				INFOPLIST_FILE = SelfSwcure/Info.plist;
				LD_RUNPATH_SEARCH_PATHS = (
					"$(inherited)",
					"@executable_path/Frameworks",
				);
				PRODUCT_BUNDLE_IDENTIFIER = edu.cuny.bmcc.SelfSwcure;
				PRODUCT_NAME = "$(TARGET_NAME)";
				SWIFT_VERSION = 4.2;
				TARGETED_DEVICE_FAMILY = "1,2";
			};
			name = Release;
		};
		6972371821FBBC20007DEF55 /* Debug */ = {
			isa = XCBuildConfiguration;
			buildSettings = {
				ALWAYS_EMBED_SWIFT_STANDARD_LIBRARIES = YES;
				BUNDLE_LOADER = "$(TEST_HOST)";
				CODE_SIGN_STYLE = Automatic;
				INFOPLIST_FILE = SelfSwcureTests/Info.plist;
				LD_RUNPATH_SEARCH_PATHS = (
					"$(inherited)",
					"@executable_path/Frameworks",
					"@loader_path/Frameworks",
				);
				PRODUCT_BUNDLE_IDENTIFIER = edu.cuny.bmcc.SelfSwcureTests;
				PRODUCT_NAME = "$(TARGET_NAME)";
				SWIFT_VERSION = 4.2;
				TARGETED_DEVICE_FAMILY = "1,2";
				TEST_HOST = "$(BUILT_PRODUCTS_DIR)/SelfSwcure.app/SelfSwcure";
			};
			name = Debug;
		};
		6972371921FBBC20007DEF55 /* Release */ = {
			isa = XCBuildConfiguration;
			buildSettings = {
				ALWAYS_EMBED_SWIFT_STANDARD_LIBRARIES = YES;
				BUNDLE_LOADER = "$(TEST_HOST)";
				CODE_SIGN_STYLE = Automatic;
				INFOPLIST_FILE = SelfSwcureTests/Info.plist;
				LD_RUNPATH_SEARCH_PATHS = (
					"$(inherited)",
					"@executable_path/Frameworks",
					"@loader_path/Frameworks",
				);
				PRODUCT_BUNDLE_IDENTIFIER = edu.cuny.bmcc.SelfSwcureTests;
				PRODUCT_NAME = "$(TARGET_NAME)";
				SWIFT_VERSION = 4.2;
				TARGETED_DEVICE_FAMILY = "1,2";
				TEST_HOST = "$(BUILT_PRODUCTS_DIR)/SelfSwcure.app/SelfSwcure";
			};
			name = Release;
		};
		6972371B21FBBC20007DEF55 /* Debug */ = {
			isa = XCBuildConfiguration;
			buildSettings = {
				ALWAYS_EMBED_SWIFT_STANDARD_LIBRARIES = YES;
				CODE_SIGN_STYLE = Automatic;
				INFOPLIST_FILE = SelfSwcureUITests/Info.plist;
				LD_RUNPATH_SEARCH_PATHS = (
					"$(inherited)",
					"@executable_path/Frameworks",
					"@loader_path/Frameworks",
				);
				PRODUCT_BUNDLE_IDENTIFIER = edu.cuny.bmcc.SelfSwcureUITests;
				PRODUCT_NAME = "$(TARGET_NAME)";
				SWIFT_VERSION = 4.2;
				TARGETED_DEVICE_FAMILY = "1,2";
				TEST_TARGET_NAME = SelfSwcure;
			};
			name = Debug;
		};
		6972371C21FBBC20007DEF55 /* Release */ = {
			isa = XCBuildConfiguration;
			buildSettings = {
				ALWAYS_EMBED_SWIFT_STANDARD_LIBRARIES = YES;
				CODE_SIGN_STYLE = Automatic;
				INFOPLIST_FILE = SelfSwcureUITests/Info.plist;
				LD_RUNPATH_SEARCH_PATHS = (
					"$(inherited)",
					"@executable_path/Frameworks",
					"@loader_path/Frameworks",
				);
				PRODUCT_BUNDLE_IDENTIFIER = edu.cuny.bmcc.SelfSwcureUITests;
				PRODUCT_NAME = "$(TARGET_NAME)";
				SWIFT_VERSION = 4.2;
				TARGETED_DEVICE_FAMILY = "1,2";
				TEST_TARGET_NAME = SelfSwcure;
			};
			name = Release;
		};
/* End XCBuildConfiguration section */

/* Begin XCConfigurationList section */
		697236E721FBBC1C007DEF55 /* Build configuration list for PBXProject "SelfSwcure" */ = {
			isa = XCConfigurationList;
			buildConfigurations = (
				6972371221FBBC20007DEF55 /* Debug */,
				6972371321FBBC20007DEF55 /* Release */,
			);
			defaultConfigurationIsVisible = 0;
			defaultConfigurationName = Release;
		};
		6972371421FBBC20007DEF55 /* Build configuration list for PBXNativeTarget "SelfSwcure" */ = {
			isa = XCConfigurationList;
			buildConfigurations = (
				6972371521FBBC20007DEF55 /* Debug */,
				6972371621FBBC20007DEF55 /* Release */,
			);
			defaultConfigurationIsVisible = 0;
			defaultConfigurationName = Release;
		};
		6972371721FBBC20007DEF55 /* Build configuration list for PBXNativeTarget "SelfSwcureTests" */ = {
			isa = XCConfigurationList;
			buildConfigurations = (
				6972371821FBBC20007DEF55 /* Debug */,
				6972371921FBBC20007DEF55 /* Release */,
			);
			defaultConfigurationIsVisible = 0;
			defaultConfigurationName = Release;
		};
		6972371A21FBBC20007DEF55 /* Build configuration list for PBXNativeTarget "SelfSwcureUITests" */ = {
			isa = XCConfigurationList;
			buildConfigurations = (
				6972371B21FBBC20007DEF55 /* Debug */,
				6972371C21FBBC20007DEF55 /* Release */,
			);
			defaultConfigurationIsVisible = 0;
			defaultConfigurationName = Release;
		};
/* End XCConfigurationList section */
	};
	rootObject = 697236E421FBBC1C007DEF55 /* Project object */;
}
